github.com/davecgh/go-spew v1.1.1 h1:vj9j/u1bqnvCEfJOwUhtlOARqs3+rkHYY13jYWTU97c=
github.com/google/uuid v1.3.1 h1:KjJaJ9iWZ3jOFZIf1Lqf4laDRCasjl0BCmnEGxkdLb4=
github.com/google/uuid v1.3.1/go.mod h1:TIyPZe4MgqvfeYDBFedMoGGpEw/LqOeaOT+nhxU+yHo=
github.com/jkittell/array v0.0.0-20230727004249-3167cef9ec8f h1:DcqnVcTCm30lZSH58V+fF8iGBJVMxemARSGQQSoAiyE=
github.com/jkittell/array v0.0.0-20230727004249-3167cef9ec8f/go.mod h1:IFKJjDo8uAm89WkklRm2qX4ZWc4E7WSejS4V+CuByMc=
github.com/jkittell/array v0.0.0-20230914143454-1def247c865f h1:b7dnu6ezU9g/3+eeyjL5T4UFZe8R11lf7gztHn9j3PQ=
github.com/jkittell/array v0.0.0-20230914143454-1def247c865f/go.mod h1:IFKJjDo8uAm89WkklRm2qX4ZWc4E7WSejS4V+CuByMc=
github.com/jkittell/logger v0.0.0-20230511040509-b5564efdd5d2 h1:GadMF4SfkXZ4CXxYjxxLanXPv6bS8fUX1+o+Z0kEnvA=
github.com/jkittell/logger v0.0.0-20230511040509-b5564efdd5d2/go.mod h1:fXw6H6cWfBXHG/iOYO7+wzJIx3HBRd+mrJaXf04Q2dU=
github.com/jkittell/toolbox v0.0.0-20230719023020-3dfa55dda03e h1:NPNE3d6qXL2Cn/w0o+7X3AP/rV4qzkCMjIQq/5qzsrY=
github.com/jkittell/toolbox v0.0.0-20230719023020-3dfa55dda03e/go.mod h1:TMGSj7Mho8sRC9Zx7aFE60UGxlrFO3MaQise68LnC14=
github.com/jkittell/toolbox v0.0.0-20231023181202-8f682bad570a h1:jy5SRJG1QL+1C4vBMnsqddNSf0MirE7HAC64p82OWGA=
github.com/jkittell/toolbox v0.0.0-20231023181202-8f682bad570a/go.mod h1:TMGSj7Mho8sRC9Zx7aFE60UGxlrFO3MaQise68LnC14=
github.com/kr/pretty v0.2.1 h1:Fmg33tUaq4/8ym9TJN1x7sLJnHVwhP33CNkpYV/7rwI=
github.com/kr/pretty v0.2.1/go.mod h1:ipq/a2n7PKx3OHsz4KJII5eveXtPO4qwEXGdVfWzfnI=
github.com/kr/pty v1.1.1/go.mod h1:pFQYn66WHrOpPYNljwOMqo10TkYh1fy3cYio2l3bCsQ=
github.com/kr/text v0.1.0 h1:45sCR5RtlFHMR4UwH9sdQ5TC8v0qDQCHnXt+kaKSTVE=
github.com/kr/text v0.1.0/go.mod h1:4Jbv+DJW3UT/LiOwJeYQe1efqtUx/iVham/4vfdArNI=
github.com/pmezard/go-difflib v1.0.0 h1:4DBwDE0NGyQoBHbLQYPwSUPoCMWR5BEzIk/f1lZbAQM=
github.com/stretchr/testify v1.8.4 h1:CcVxjf3Q8PM0mHUKJCdn+eZZtm5yQwehR5yeSVQQcUk=
github.com/stretchr/testify v1.8.4/go.mod h1:sz/lmYIOXD/1dqDmKjjqLyZ2RngseejIcXlSw2iwfAo=
github.com/unki2aut/go-mpd v0.0.0-20200811090714-f633ce416f26 h1:qaFhrVAl4AtoQ8CLEy+hf4EclL3coMzSlBsjdgRbS5E=
github.com/unki2aut/go-mpd v0.0.0-20200811090714-f633ce416f26/go.mod h1:trwsqu3HBFm9ijXRgJZSfyfnS6qGgfuv2x4aVSS+ock=
github.com/unki2aut/go-xsd-types v0.0.0-20200220223938-30e5405398f8 h1:u0Bi6Mf8BKPQnxGJ7QubdMyhb0SJjnQU7kX0BA9eASk=
github.com/unki2aut/go-xsd-types v0.0.0-20200220223938-30e5405398f8/go.mod h1:uIeMfpmWIZ8SGp+fTfwDBWiiRn3aJm4b7rFSro9s++Q=
gopkg.in/check.v1 v1.0.0-20201130134442-10cb98267c6c h1:Hei/4ADfdWqJk1ZMxUNpqntNwaWcugrBjAiHlqqRiVk=
gopkg.in/check.v1 v1.0.0-20201130134442-10cb98267c6c/go.mod h1:JHkPIbrfpd72SG/EVd6muEfDQjcINNoR0C8j2r3qZ4Q=
gopkg.in/yaml.v3 v3.0.1 h1:fxVm/GzAzEWqLHuvctI91KS9hhNmmWOoWu0XTYJS7CA=
